
Microsoft Visual Studio Solution File, Format Version 12.00
# Visual Studio 15
VisualStudioVersion = 15.0.27130.2027
MinimumVisualStudioVersion = 10.0.40219.1
Project("{FAE04EC0-301F-11D3-BF4B-00C04F79EFBC}") = "agendita", "agendita\agendita.csproj", "{73CE4EC4-19AD-4608-A0DA-002611CCFD28}"
EndProject
Global
	GlobalSection(SolutionConfigurationPlatforms) = preSolution
		Debug|Any CPU = Debug|Any CPU
		Release|Any CPU = Release|Any CPU
	EndGlobalSection
	GlobalSection(ProjectConfigurationPlatforms) = postSolution
		{73CE4EC4-19AD-4608-A0DA-002611CCFD28}.Debug|Any CPU.ActiveCfg = Debug|Any CPU
		{73CE4EC4-19AD-4608-A0DA-002611CCFD28}.Debug|Any CPU.Build.0 = Debug|Any CPU
		{73CE4EC4-19AD-4608-A0DA-002611CCFD28}.Release|Any CPU.ActiveCfg = Release|Any CPU
		{73CE4EC4-19AD-4608-A0DA-002611CCFD28}.Release|Any CPU.Build.0 = Release|Any CPU
	EndGlobalSection
	GlobalSection(SolutionProperties) = preSolution
		HideSolutionNode = FALSE
	EndGlobalSection
	GlobalSection(ExtensibilityGlobals) = postSolution
		SolutionGuid = {B4C4CF3F-479E-4E34-85AD-30719D37DF81}
	EndGlobalSection
EndGlobal
